
Microsoft Visual Studio Solution File, Format Version 12.00
# Visual Studio 15
VisualStudioVersion = 15.0.28307.757
MinimumVisualStudioVersion = 10.0.40219.1
Project("{8BC9CEB8-8B4A-11D0-8D11-00A0C91BC942}") = "roen1b", "roen1b\roen1b.vcxproj", "{23A24DA4-619A-4ED4-9363-1C3D51B8FDC2}"
EndProject
Global
	GlobalSection(SolutionConfigurationPlatforms) = preSolution
		Debug|x64 = Debug|x64
		Debug|x86 = Debug|x86
		Release|x64 = Release|x64
		Release|x86 = Release|x86
	EndGlobalSection
	GlobalSection(ProjectConfigurationPlatforms) = postSolution
		{23A24DA4-619A-4ED4-9363-1C3D51B8FDC2}.Debug|x64.ActiveCfg = Debug|x64
		{23A24DA4-619A-4ED4-9363-1C3D51B8FDC2}.Debug|x64.Build.0 = Debug|x64
		{23A24DA4-619A-4ED4-9363-1C3D51B8FDC2}.Debug|x86.ActiveCfg = Debug|Win32
		{23A24DA4-619A-4ED4-9363-1C3D51B8FDC2}.Debug|x86.Build.0 = Debug|Win32
		{23A24DA4-619A-4ED4-9363-1C3D51B8FDC2}.Release|x64.ActiveCfg = Release|x64
		{23A24DA4-619A-4ED4-9363-1C3D51B8FDC2}.Release|x64.Build.0 = Release|x64
		{23A24DA4-619A-4ED4-9363-1C3D51B8FDC2}.Release|x86.ActiveCfg = Release|Win32
		{23A24DA4-619A-4ED4-9363-1C3D51B8FDC2}.Release|x86.Build.0 = Release|Win32
	EndGlobalSection
	GlobalSection(SolutionProperties) = preSolution
		HideSolutionNode = FALSE
	EndGlobalSection
	GlobalSection(ExtensibilityGlobals) = postSolution
		SolutionGuid = {24C29789-7994-4E42-BA81-7F829E4A69B1}
	EndGlobalSection
EndGlobal
